// !$*UTF8*$!
{
	archiveVersion = 1;
	classes = {
	};
	objectVersion = 50;
	objects = {

/* Begin PBXBuildFile section */
		1E83AA72207B547C00E0C0ED /* AppDelegate.swift in Sources */ = {isa = PBXBuildFile; fileRef = 1E83AA71207B547C00E0C0ED /* AppDelegate.swift */; };
		1E83AA74207B547C00E0C0ED /* ViewController.swift in Sources */ = {isa = PBXBuildFile; fileRef = 1E83AA73207B547C00E0C0ED /* ViewController.swift */; };
		1E83AA77207B547C00E0C0ED /* Main.storyboard in Resources */ = {isa = PBXBuildFile; fileRef = 1E83AA75207B547C00E0C0ED /* Main.storyboard */; };
		1E83AA79207B547D00E0C0ED /* Assets.xcassets in Resources */ = {isa = PBXBuildFile; fileRef = 1E83AA78207B547D00E0C0ED /* Assets.xcassets */; };
		1E83AA7C207B547D00E0C0ED /* LaunchScreen.storyboard in Resources */ = {isa = PBXBuildFile; fileRef = 1E83AA7A207B547D00E0C0ED /* LaunchScreen.storyboard */; };
		1E83AA87207B547E00E0C0ED /* count_oniTests.swift in Sources */ = {isa = PBXBuildFile; fileRef = 1E83AA86207B547E00E0C0ED /* count_oniTests.swift */; };
		1E83AA92207B547E00E0C0ED /* count_oniUITests.swift in Sources */ = {isa = PBXBuildFile; fileRef = 1E83AA91207B547E00E0C0ED /* count_oniUITests.swift */; };
		1E83AAA0207B54EF00E0C0ED /* xRbuFUg7_400x400.png in Resources */ = {isa = PBXBuildFile; fileRef = 1E83AA9F207B54EE00E0C0ED /* xRbuFUg7_400x400.png */; };
/* End PBXBuildFile section */

/* Begin PBXContainerItemProxy section */
		1E83AA83207B547E00E0C0ED /* PBXContainerItemProxy */ = {
			isa = PBXContainerItemProxy;
			containerPortal = 1E83AA66207B547C00E0C0ED /* Project object */;
			proxyType = 1;
			remoteGlobalIDString = 1E83AA6D207B547C00E0C0ED;
			remoteInfo = "count oni";
		};
		1E83AA8E207B547E00E0C0ED /* PBXContainerItemProxy */ = {
			isa = PBXContainerItemProxy;
			containerPortal = 1E83AA66207B547C00E0C0ED /* Project object */;
			proxyType = 1;
			remoteGlobalIDString = 1E83AA6D207B547C00E0C0ED;
			remoteInfo = "count oni";
		};
/* End PBXContainerItemProxy section */

/* Begin PBXFileReference section */
		1E83AA6E207B547C00E0C0ED /* count oni.app */ = {isa = PBXFileReference; explicitFileType = wrapper.application; includeInIndex = 0; path = "count oni.app"; sourceTree = BUILT_PRODUCTS_DIR; };
		1E83AA71207B547C00E0C0ED /* AppDelegate.swift */ = {isa = PBXFileReference; lastKnownFileType = sourcecode.swift; path = AppDelegate.swift; sourceTree = "<group>"; };
		1E83AA73207B547C00E0C0ED /* ViewController.swift */ = {isa = PBXFileReference; lastKnownFileType = sourcecode.swift; path = ViewController.swift; sourceTree = "<group>"; };
		1E83AA76207B547C00E0C0ED /* Base */ = {isa = PBXFileReference; lastKnownFileType = file.storyboard; name = Base; path = Base.lproj/Main.storyboard; sourceTree = "<group>"; };
		1E83AA78207B547D00E0C0ED /* Assets.xcassets */ = {isa = PBXFileReference; lastKnownFileType = folder.assetcatalog; path = Assets.xcassets; sourceTree = "<group>"; };
		1E83AA7B207B547D00E0C0ED /* Base */ = {isa = PBXFileReference; lastKnownFileType = file.storyboard; name = Base; path = Base.lproj/LaunchScreen.storyboard; sourceTree = "<group>"; };
		1E83AA7D207B547D00E0C0ED /* Info.plist */ = {isa = PBXFileReference; lastKnownFileType = text.plist.xml; path = Info.plist; sourceTree = "<group>"; };
		1E83AA82207B547E00E0C0ED /* count oniTests.xctest */ = {isa = PBXFileReference; explicitFileType = wrapper.cfbundle; includeInIndex = 0; path = "count oniTests.xctest"; sourceTree = BUILT_PRODUCTS_DIR; };
		1E83AA86207B547E00E0C0ED /* count_oniTests.swift */ = {isa = PBXFileReference; lastKnownFileType = sourcecode.swift; path = count_oniTests.swift; sourceTree = "<group>"; };
		1E83AA88207B547E00E0C0ED /* Info.plist */ = {isa = PBXFileReference; lastKnownFileType = text.plist.xml; path = Info.plist; sourceTree = "<group>"; };
		1E83AA8D207B547E00E0C0ED /* count oniUITests.xctest */ = {isa = PBXFileReference; explicitFileType = wrapper.cfbundle; includeInIndex = 0; path = "count oniUITests.xctest"; sourceTree = BUILT_PRODUCTS_DIR; };
		1E83AA91207B547E00E0C0ED /* count_oniUITests.swift */ = {isa = PBXFileReference; lastKnownFileType = sourcecode.swift; path = count_oniUITests.swift; sourceTree = "<group>"; };
		1E83AA93207B547E00E0C0ED /* Info.plist */ = {isa = PBXFileReference; lastKnownFileType = text.plist.xml; path = Info.plist; sourceTree = "<group>"; };
		1E83AA9F207B54EE00E0C0ED /* xRbuFUg7_400x400.png */ = {isa = PBXFileReference; lastKnownFileType = image.png; path = xRbuFUg7_400x400.png; sourceTree = "<group>"; };
/* End PBXFileReference section */

/* Begin PBXFrameworksBuildPhase section */
		1E83AA6B207B547C00E0C0ED /* Frameworks */ = {
			isa = PBXFrameworksBuildPhase;
			buildActionMask = 2147483647;
			files = (
			);
			runOnlyForDeploymentPostprocessing = 0;
		};
		1E83AA7F207B547E00E0C0ED /* Frameworks */ = {
			isa = PBXFrameworksBuildPhase;
			buildActionMask = 2147483647;
			files = (
			);
			runOnlyForDeploymentPostprocessing = 0;
		};
		1E83AA8A207B547E00E0C0ED /* Frameworks */ = {
			isa = PBXFrameworksBuildPhase;
			buildActionMask = 2147483647;
			files = (
			);
			runOnlyForDeploymentPostprocessing = 0;
		};
/* End PBXFrameworksBuildPhase section */

/* Begin PBXGroup section */
		1E83AA65207B547C00E0C0ED = {
			isa = PBXGroup;
			children = (
				1E83AA70207B547C00E0C0ED /* count oni */,
				1E83AA85207B547E00E0C0ED /* count oniTests */,
				1E83AA90207B547E00E0C0ED /* count oniUITests */,
				1E83AA6F207B547C00E0C0ED /* Products */,
			);
			sourceTree = "<group>";
		};
		1E83AA6F207B547C00E0C0ED /* Products */ = {
			isa = PBXGroup;
			children = (
				1E83AA6E207B547C00E0C0ED /* count oni.app */,
				1E83AA82207B547E00E0C0ED /* count oniTests.xctest */,
				1E83AA8D207B547E00E0C0ED /* count oniUITests.xctest */,
			);
			name = Products;
			sourceTree = "<group>";
		};
		1E83AA70207B547C00E0C0ED /* count oni */ = {
			isa = PBXGroup;
			children = (
				1E83AA9F207B54EE00E0C0ED /* xRbuFUg7_400x400.png */,
				1E83AA71207B547C00E0C0ED /* AppDelegate.swift */,
				1E83AA73207B547C00E0C0ED /* ViewController.swift */,
				1E83AA75207B547C00E0C0ED /* Main.storyboard */,
				1E83AA78207B547D00E0C0ED /* Assets.xcassets */,
				1E83AA7A207B547D00E0C0ED /* LaunchScreen.storyboard */,
				1E83AA7D207B547D00E0C0ED /* Info.plist */,
			);
			path = "count oni";
			sourceTree = "<group>";
		};
		1E83AA85207B547E00E0C0ED /* count oniTests */ = {
			isa = PBXGroup;
			children = (
				1E83AA86207B547E00E0C0ED /* count_oniTests.swift */,
				1E83AA88207B547E00E0C0ED /* Info.plist */,
			);
			path = "count oniTests";
			sourceTree = "<group>";
		};
		1E83AA90207B547E00E0C0ED /* count oniUITests */ = {
			isa = PBXGroup;
			children = (
				1E83AA91207B547E00E0C0ED /* count_oniUITests.swift */,
				1E83AA93207B547E00E0C0ED /* Info.plist */,
			);
			path = "count oniUITests";
			sourceTree = "<group>";
		};
/* End PBXGroup section */

/* Begin PBXNativeTarget section */
		1E83AA6D207B547C00E0C0ED /* count oni */ = {
			isa = PBXNativeTarget;
			buildConfigurationList = 1E83AA96207B547E00E0C0ED /* Build configuration list for PBXNativeTarget "count oni" */;
			buildPhases = (
				1E83AA6A207B547C00E0C0ED /* Sources */,
				1E83AA6B207B547C00E0C0ED /* Frameworks */,
				1E83AA6C207B547C00E0C0ED /* Resources */,
			);
			buildRules = (
			);
			dependencies = (
			);
			name = "count oni";
			productName = "count oni";
			productReference = 1E83AA6E207B547C00E0C0ED /* count oni.app */;
			productType = "com.apple.product-type.application";
		};
		1E83AA81207B547E00E0C0ED /* count oniTests */ = {
			isa = PBXNativeTarget;
			buildConfigurationList = 1E83AA99207B547E00E0C0ED /* Build configuration list for PBXNativeTarget "count oniTests" */;
			buildPhases = (
				1E83AA7E207B547E00E0C0ED /* Sources */,
				1E83AA7F207B547E00E0C0ED /* Frameworks */,
				1E83AA80207B547E00E0C0ED /* Resources */,
			);
			buildRules = (
			);
			dependencies = (
				1E83AA84207B547E00E0C0ED /* PBXTargetDependency */,
			);
			name = "count oniTests";
			productName = "count oniTests";
			productReference = 1E83AA82207B547E00E0C0ED /* count oniTests.xctest */;
			productType = "com.apple.product-type.bundle.unit-test";
		};
		1E83AA8C207B547E00E0C0ED /* count oniUITests */ = {
			isa = PBXNativeTarget;
			buildConfigurationList = 1E83AA9C207B547E00E0C0ED /* Build configuration list for PBXNativeTarget "count oniUITests" */;
			buildPhases = (
				1E83AA89207B547E00E0C0ED /* Sources */,
				1E83AA8A207B547E00E0C0ED /* Frameworks */,
				1E83AA8B207B547E00E0C0ED /* Resources */,
			);
			buildRules = (
			);
			dependencies = (
				1E83AA8F207B547E00E0C0ED /* PBXTargetDependency */,
			);
			name = "count oniUITests";
			productName = "count oniUITests";
			productReference = 1E83AA8D207B547E00E0C0ED /* count oniUITests.xctest */;
			productType = "com.apple.product-type.bundle.ui-testing";
		};
/* End PBXNativeTarget section */

/* Begin PBXProject section */
		1E83AA66207B547C00E0C0ED /* Project object */ = {
			isa = PBXProject;
			attributes = {
				LastSwiftUpdateCheck = 0930;
				LastUpgradeCheck = 0930;
				ORGANIZATIONNAME = "原あゆみ";
				TargetAttributes = {
					1E83AA6D207B547C00E0C0ED = {
						CreatedOnToolsVersion = 9.3;
					};
					1E83AA81207B547E00E0C0ED = {
						CreatedOnToolsVersion = 9.3;
						TestTargetID = 1E83AA6D207B547C00E0C0ED;
					};
					1E83AA8C207B547E00E0C0ED = {
						CreatedOnToolsVersion = 9.3;
						TestTargetID = 1E83AA6D207B547C00E0C0ED;
					};
				};
			};
			buildConfigurationList = 1E83AA69207B547C00E0C0ED /* Build configuration list for PBXProject "count oni" */;
			compatibilityVersion = "Xcode 9.3";
			developmentRegion = en;
			hasScannedForEncodings = 0;
			knownRegions = (
				en,
				Base,
			);
			mainGroup = 1E83AA65207B547C00E0C0ED;
			productRefGroup = 1E83AA6F207B547C00E0C0ED /* Products */;
			projectDirPath = "";
			projectRoot = "";
			targets = (
				1E83AA6D207B547C00E0C0ED /* count oni */,
				1E83AA81207B547E00E0C0ED /* count oniTests */,
				1E83AA8C207B547E00E0C0ED /* count oniUITests */,
			);
		};
/* End PBXProject section */

/* Begin PBXResourcesBuildPhase section */
		1E83AA6C207B547C00E0C0ED /* Resources */ = {
			isa = PBXResourcesBuildPhase;
			buildActionMask = 2147483647;
			files = (
				1E83AAA0207B54EF00E0C0ED /* xRbuFUg7_400x400.png in Resources */,
				1E83AA7C207B547D00E0C0ED /* LaunchScreen.storyboard in Resources */,
				1E83AA79207B547D00E0C0ED /* Assets.xcassets in Resources */,
				1E83AA77207B547C00E0C0ED /* Main.storyboard in Resources */,
			);
			runOnlyForDeploymentPostprocessing = 0;
		};
		1E83AA80207B547E00E0C0ED /* Resources */ = {
			isa = PBXResourcesBuildPhase;
			buildActionMask = 2147483647;
			files = (
			);
			runOnlyForDeploymentPostprocessing = 0;
		};
		1E83AA8B207B547E00E0C0ED /* Resources */ = {
			isa = PBXResourcesBuildPhase;
			buildActionMask = 2147483647;
			files = (
			);
			runOnlyForDeploymentPostprocessing = 0;
		};
/* End PBXResourcesBuildPhase section */

/* Begin PBXSourcesBuildPhase section */
		1E83AA6A207B547C00E0C0ED /* Sources */ = {
			isa = PBXSourcesBuildPhase;
			buildActionMask = 2147483647;
			files = (
				1E83AA74207B547C00E0C0ED /* ViewController.swift in Sources */,
				1E83AA72207B547C00E0C0ED /* AppDelegate.swift in Sources */,
			);
			runOnlyForDeploymentPostprocessing = 0;
		};
		1E83AA7E207B547E00E0C0ED /* Sources */ = {
			isa = PBXSourcesBuildPhase;
			buildActionMask = 2147483647;
			files = (
				1E83AA87207B547E00E0C0ED /* count_oniTests.swift in Sources */,
			);
			runOnlyForDeploymentPostprocessing = 0;
		};
		1E83AA89207B547E00E0C0ED /* Sources */ = {
			isa = PBXSourcesBuildPhase;
			buildActionMask = 2147483647;
			files = (
				1E83AA92207B547E00E0C0ED /* count_oniUITests.swift in Sources */,
			);
			runOnlyForDeploymentPostprocessing = 0;
		};
/* End PBXSourcesBuildPhase section */

/* Begin PBXTargetDependency section */
		1E83AA84207B547E00E0C0ED /* PBXTargetDependency */ = {
			isa = PBXTargetDependency;
			target = 1E83AA6D207B547C00E0C0ED /* count oni */;
			targetProxy = 1E83AA83207B547E00E0C0ED /* PBXContainerItemProxy */;
		};
		1E83AA8F207B547E00E0C0ED /* PBXTargetDependency */ = {
			isa = PBXTargetDependency;
			target = 1E83AA6D207B547C00E0C0ED /* count oni */;
			targetProxy = 1E83AA8E207B547E00E0C0ED /* PBXContainerItemProxy */;
		};
/* End PBXTargetDependency section */

/* Begin PBXVariantGroup section */
		1E83AA75207B547C00E0C0ED /* Main.storyboard */ = {
			isa = PBXVariantGroup;
			children = (
				1E83AA76207B547C00E0C0ED /* Base */,
			);
			name = Main.storyboard;
			sourceTree = "<group>";
		};
		1E83AA7A207B547D00E0C0ED /* LaunchScreen.storyboard */ = {
			isa = PBXVariantGroup;
			children = (
				1E83AA7B207B547D00E0C0ED /* Base */,
			);
			name = LaunchScreen.storyboard;
			sourceTree = "<group>";
		};
/* End PBXVariantGroup section */

/* Begin XCBuildConfiguration section */
		1E83AA94207B547E00E0C0ED /* Debug */ = {
			isa = XCBuildConfiguration;
			buildSettings = {
				ALWAYS_SEARCH_USER_PATHS = NO;
				CLANG_ANALYZER_NONNULL = YES;
				CLANG_ANALYZER_NUMBER_OBJECT_CONVERSION = YES_AGGRESSIVE;
				CLANG_CXX_LANGUAGE_STANDARD = "gnu++14";
				CLANG_CXX_LIBRARY = "libc++";
				CLANG_ENABLE_MODULES = YES;
				CLANG_ENABLE_OBJC_ARC = YES;
				CLANG_ENABLE_OBJC_WEAK = YES;
				CLANG_WARN_BLOCK_CAPTURE_AUTORELEASING = YES;
				CLANG_WARN_BOOL_CONVERSION = YES;
				CLANG_WARN_COMMA = YES;
				CLANG_WARN_CONSTANT_CONVERSION = YES;
				CLANG_WARN_DEPRECATED_OBJC_IMPLEMENTATIONS = YES;
				CLANG_WARN_DIRECT_OBJC_ISA_USAGE = YES_ERROR;
				CLANG_WARN_DOCUMENTATION_COMMENTS = YES;
				CLANG_WARN_EMPTY_BODY = YES;
				CLANG_WARN_ENUM_CONVERSION = YES;
				CLANG_WARN_INFINITE_RECURSION = YES;
				CLANG_WARN_INT_CONVERSION = YES;
				CLANG_WARN_NON_LITERAL_NULL_CONVERSION = YES;
				CLANG_WARN_OBJC_IMPLICIT_RETAIN_SELF = YES;
				CLANG_WARN_OBJC_LITERAL_CONVERSION = YES;
				CLANG_WARN_OBJC_ROOT_CLASS = YES_ERROR;
				CLANG_WARN_RANGE_LOOP_ANALYSIS = YES;
				CLANG_WARN_STRICT_PROTOTYPES = YES;
				CLANG_WARN_SUSPICIOUS_MOVE = YES;
				CLANG_WARN_UNGUARDED_AVAILABILITY = YES_AGGRESSIVE;
				CLANG_WARN_UNREACHABLE_CODE = YES;
				CLANG_WARN__DUPLICATE_METHOD_MATCH = YES;
				CODE_SIGN_IDENTITY = "iPhone Developer";
				COPY_PHASE_STRIP = NO;
				DEBUG_INFORMATION_FORMAT = dwarf;
				ENABLE_STRICT_OBJC_MSGSEND = YES;
				ENABLE_TESTABILITY = YES;
				GCC_C_LANGUAGE_STANDARD = gnu11;
				GCC_DYNAMIC_NO_PIC = NO;
				GCC_NO_COMMON_BLOCKS = YES;
				GCC_OPTIMIZATION_LEVEL = 0;
				GCC_PREPROCESSOR_DEFINITIONS = (
					"DEBUG=1",
					"$(inherited)",
				);
				GCC_WARN_64_TO_32_BIT_CONVERSION = YES;
				GCC_WARN_ABOUT_RETURN_TYPE = YES_ERROR;
				GCC_WARN_UNDECLARED_SELECTOR = YES;
				GCC_WARN_UNINITIALIZED_AUTOS = YES_AGGRESSIVE;
				GCC_WARN_UNUSED_FUNCTION = YES;
				GCC_WARN_UNUSED_VARIABLE = YES;
				IPHONEOS_DEPLOYMENT_TARGET = 11.3;
				MTL_ENABLE_DEBUG_INFO = YES;
				ONLY_ACTIVE_ARCH = YES;
				SDKROOT = iphoneos;
				SWIFT_ACTIVE_COMPILATION_CONDITIONS = DEBUG;
				SWIFT_OPTIMIZATION_LEVEL = "-Onone";
			};
			name = Debug;
		};
		1E83AA95207B547E00E0C0ED /* Release */ = {
			isa = XCBuildConfiguration;
			buildSettings = {
				ALWAYS_SEARCH_USER_PATHS = NO;
				CLANG_ANALYZER_NONNULL = YES;
				CLANG_ANALYZER_NUMBER_OBJECT_CONVERSION = YES_AGGRESSIVE;
				CLANG_CXX_LANGUAGE_STANDARD = "gnu++14";
				CLANG_CXX_LIBRARY = "libc++";
				CLANG_ENABLE_MODULES = YES;
				CLANG_ENABLE_OBJC_ARC = YES;
				CLANG_ENABLE_OBJC_WEAK = YES;
				CLANG_WARN_BLOCK_CAPTURE_AUTORELEASING = YES;
				CLANG_WARN_BOOL_CONVERSION = YES;
				CLANG_WARN_COMMA = YES;
				CLANG_WARN_CONSTANT_CONVERSION = YES;
				CLANG_WARN_DEPRECATED_OBJC_IMPLEMENTATIONS = YES;
				CLANG_WARN_DIRECT_OBJC_ISA_USAGE = YES_ERROR;
				CLANG_WARN_DOCUMENTATION_COMMENTS = YES;
				CLANG_WARN_EMPTY_BODY = YES;
				CLANG_WARN_ENUM_CONVERSION = YES;
				CLANG_WARN_INFINITE_RECURSION = YES;
				CLANG_WARN_INT_CONVERSION = YES;
				CLANG_WARN_NON_LITERAL_NULL_CONVERSION = YES;
				CLANG_WARN_OBJC_IMPLICIT_RETAIN_SELF = YES;
				CLANG_WARN_OBJC_LITERAL_CONVERSION = YES;
				CLANG_WARN_OBJC_ROOT_CLASS = YES_ERROR;
				CLANG_WARN_RANGE_LOOP_ANALYSIS = YES;
				CLANG_WARN_STRICT_PROTOTYPES = YES;
				CLANG_WARN_SUSPICIOUS_MOVE = YES;
				CLANG_WARN_UNGUARDED_AVAILABILITY = YES_AGGRESSIVE;
				CLANG_WARN_UNREACHABLE_CODE = YES;
				CLANG_WARN__DUPLICATE_METHOD_MATCH = YES;
				CODE_SIGN_IDENTITY = "iPhone Developer";
				COPY_PHASE_STRIP = NO;
				DEBUG_INFORMATION_FORMAT = "dwarf-with-dsym";
				ENABLE_NS_ASSERTIONS = NO;
				ENABLE_STRICT_OBJC_MSGSEND = YES;
				GCC_C_LANGUAGE_STANDARD = gnu11;
				GCC_NO_COMMON_BLOCKS = YES;
				GCC_WARN_64_TO_32_BIT_CONVERSION = YES;
				GCC_WARN_ABOUT_RETURN_TYPE = YES_ERROR;
				GCC_WARN_UNDECLARED_SELECTOR = YES;
				GCC_WARN_UNINITIALIZED_AUTOS = YES_AGGRESSIVE;
				GCC_WARN_UNUSED_FUNCTION = YES;
				GCC_WARN_UNUSED_VARIABLE = YES;
				IPHONEOS_DEPLOYMENT_TARGET = 11.3;
				MTL_ENABLE_DEBUG_INFO = NO;
				SDKROOT = iphoneos;
				SWIFT_COMPILATION_MODE = wholemodule;
				SWIFT_OPTIMIZATION_LEVEL = "-O";
				VALIDATE_PRODUCT = YES;
			};
			name = Release;
		};
		1E83AA97207B547E00E0C0ED /* Debug */ = {
			isa = XCBuildConfiguration;
			buildSettings = {
				ASSETCATALOG_COMPILER_APPICON_NAME = AppIcon;
				CODE_SIGN_STYLE = Automatic;
				INFOPLIST_FILE = "count oni/Info.plist";
				LD_RUNPATH_SEARCH_PATHS = (
					"$(inherited)",
					"@executable_path/Frameworks",
				);
				PRODUCT_BUNDLE_IDENTIFIER = "com.harappa.count-oni";
				PRODUCT_NAME = "$(TARGET_NAME)";
				SWIFT_VERSION = 4.0;
				TARGETED_DEVICE_FAMILY = "1,2";
			};
			name = Debug;
		};
		1E83AA98207B547E00E0C0ED /* Release */ = {
			isa = XCBuildConfiguration;
			buildSettings = {
				ASSETCATALOG_COMPILER_APPICON_NAME = AppIcon;
				CODE_SIGN_STYLE = Automatic;
				INFOPLIST_FILE = "count oni/Info.plist";
				LD_RUNPATH_SEARCH_PATHS = (
					"$(inherited)",
					"@executable_path/Frameworks",
				);
				PRODUCT_BUNDLE_IDENTIFIER = "com.harappa.count-oni";
				PRODUCT_NAME = "$(TARGET_NAME)";
				SWIFT_VERSION = 4.0;
				TARGETED_DEVICE_FAMILY = "1,2";
			};
			name = Release;
		};
		1E83AA9A207B547E00E0C0ED /* Debug */ = {
			isa = XCBuildConfiguration;
			buildSettings = {
				ALWAYS_EMBED_SWIFT_STANDARD_LIBRARIES = YES;
				BUNDLE_LOADER = "$(TEST_HOST)";
				CODE_SIGN_STYLE = Automatic;
				INFOPLIST_FILE = "count oniTests/Info.plist";
				LD_RUNPATH_SEARCH_PATHS = (
					"$(inherited)",
					"@executable_path/Frameworks",
					"@loader_path/Frameworks",
				);
				PRODUCT_BUNDLE_IDENTIFIER = "com.harappa.count-oniTests";
				PRODUCT_NAME = "$(TARGET_NAME)";
				SWIFT_VERSION = 4.0;
				TARGETED_DEVICE_FAMILY = "1,2";
				TEST_HOST = "$(BUILT_PRODUCTS_DIR)/count oni.app/count oni";
			};
			name = Debug;
		};
		1E83AA9B207B547E00E0C0ED /* Release */ = {
			isa = XCBuildConfiguration;
			buildSettings = {
				ALWAYS_EMBED_SWIFT_STANDARD_LIBRARIES = YES;
				BUNDLE_LOADER = "$(TEST_HOST)";
				CODE_SIGN_STYLE = Automatic;
				INFOPLIST_FILE = "count oniTests/Info.plist";
				LD_RUNPATH_SEARCH_PATHS = (
					"$(inherited)",
					"@executable_path/Frameworks",
					"@loader_path/Frameworks",
				);
				PRODUCT_BUNDLE_IDENTIFIER = "com.harappa.count-oniTests";
				PRODUCT_NAME = "$(TARGET_NAME)";
				SWIFT_VERSION = 4.0;
				TARGETED_DEVICE_FAMILY = "1,2";
				TEST_HOST = "$(BUILT_PRODUCTS_DIR)/count oni.app/count oni";
			};
			name = Release;
		};
		1E83AA9D207B547E00E0C0ED /* Debug */ = {
			isa = XCBuildConfiguration;
			buildSettings = {
				ALWAYS_EMBED_SWIFT_STANDARD_LIBRARIES = YES;
				CODE_SIGN_STYLE = Automatic;
				INFOPLIST_FILE = "count oniUITests/Info.plist";
				LD_RUNPATH_SEARCH_PATHS = (
					"$(inherited)",
					"@executable_path/Frameworks",
					"@loader_path/Frameworks",
				);
				PRODUCT_BUNDLE_IDENTIFIER = "com.harappa.count-oniUITests";
				PRODUCT_NAME = "$(TARGET_NAME)";
				SWIFT_VERSION = 4.0;
				TARGETED_DEVICE_FAMILY = "1,2";
				TEST_TARGET_NAME = "count oni";
			};
			name = Debug;
		};
		1E83AA9E207B547E00E0C0ED /* Release */ = {
			isa = XCBuildConfiguration;
			buildSettings = {
				ALWAYS_EMBED_SWIFT_STANDARD_LIBRARIES = YES;
				CODE_SIGN_STYLE = Automatic;
				INFOPLIST_FILE = "count oniUITests/Info.plist";
				LD_RUNPATH_SEARCH_PATHS = (
					"$(inherited)",
					"@executable_path/Frameworks",
					"@loader_path/Frameworks",
				);
				PRODUCT_BUNDLE_IDENTIFIER = "com.harappa.count-oniUITests";
				PRODUCT_NAME = "$(TARGET_NAME)";
				SWIFT_VERSION = 4.0;
				TARGETED_DEVICE_FAMILY = "1,2";
				TEST_TARGET_NAME = "count oni";
			};
			name = Release;
		};
/* End XCBuildConfiguration section */

/* Begin XCConfigurationList section */
		1E83AA69207B547C00E0C0ED /* Build configuration list for PBXProject "count oni" */ = {
			isa = XCConfigurationList;
			buildConfigurations = (
				1E83AA94207B547E00E0C0ED /* Debug */,
				1E83AA95207B547E00E0C0ED /* Release */,
			);
			defaultConfigurationIsVisible = 0;
			defaultConfigurationName = Release;
		};
		1E83AA96207B547E00E0C0ED /* Build configuration list for PBXNativeTarget "count oni" */ = {
			isa = XCConfigurationList;
			buildConfigurations = (
				1E83AA97207B547E00E0C0ED /* Debug */,
				1E83AA98207B547E00E0C0ED /* Release */,
			);
			defaultConfigurationIsVisible = 0;
			defaultConfigurationName = Release;
		};
		1E83AA99207B547E00E0C0ED /* Build configuration list for PBXNativeTarget "count oniTests" */ = {
			isa = XCConfigurationList;
			buildConfigurations = (
				1E83AA9A207B547E00E0C0ED /* Debug */,
				1E83AA9B207B547E00E0C0ED /* Release */,
			);
			defaultConfigurationIsVisible = 0;
			defaultConfigurationName = Release;
		};
		1E83AA9C207B547E00E0C0ED /* Build configuration list for PBXNativeTarget "count oniUITests" */ = {
			isa = XCConfigurationList;
			buildConfigurations = (
				1E83AA9D207B547E00E0C0ED /* Debug */,
				1E83AA9E207B547E00E0C0ED /* Release */,
			);
			defaultConfigurationIsVisible = 0;
			defaultConfigurationName = Release;
		};
/* End XCConfigurationList section */
	};
	rootObject = 1E83AA66207B547C00E0C0ED /* Project object */;
}
